
Microsoft Visual Studio Solution File, Format Version 11.00
# Visual Studio 2010
Project("{FAE04EC0-301F-11D3-BF4B-00C04F79EFBC}") = "SiriusClient", "SiriusClient.csproj", "{666725AE-A44E-4E83-8314-BE186F223C0E}"
EndProject
Project("{FAE04EC0-301F-11D3-BF4B-00C04F79EFBC}") = "SiriusCSharp.Client.Tests", "..\SiriusCSharp.Client.Tests\SiriusCSharp.Client.Tests.csproj", "{68789BB2-8F13-486B-BAE9-8E1992E88C6E}"
EndProject
Project("{FAE04EC0-301F-11D3-BF4B-00C04F79EFBC}") = "Sirius.CSharp.Client.Package", "Sirius.CSharp.Client.Package\Sirius.CSharp.Client.Package.csproj", "{B3A60008-9715-4979-B72E-75289EAD1975}"
EndProject
Project("{2150E333-8FDC-42A3-9474-1A3956D46DE8}") = ".nuget", ".nuget", "{D6325031-CDD4-4290-BB96-9538703C2916}"
	ProjectSection(SolutionItems) = preProject
		.nuget\packages.config = .nuget\packages.config
	EndProjectSection
EndProject
Global
	GlobalSection(SolutionConfigurationPlatforms) = preSolution
		Debug|Any CPU = Debug|Any CPU
		Release|Any CPU = Release|Any CPU
	EndGlobalSection
	GlobalSection(ProjectConfigurationPlatforms) = postSolution
		{666725AE-A44E-4E83-8314-BE186F223C0E}.Debug|Any CPU.ActiveCfg = Debug|Any CPU
		{666725AE-A44E-4E83-8314-BE186F223C0E}.Debug|Any CPU.Build.0 = Debug|Any CPU
		{666725AE-A44E-4E83-8314-BE186F223C0E}.Release|Any CPU.ActiveCfg = Release|Any CPU
		{666725AE-A44E-4E83-8314-BE186F223C0E}.Release|Any CPU.Build.0 = Release|Any CPU
		{68789BB2-8F13-486B-BAE9-8E1992E88C6E}.Debug|Any CPU.ActiveCfg = Debug|Any CPU
		{68789BB2-8F13-486B-BAE9-8E1992E88C6E}.Debug|Any CPU.Build.0 = Debug|Any CPU
		{68789BB2-8F13-486B-BAE9-8E1992E88C6E}.Release|Any CPU.ActiveCfg = Release|Any CPU
		{68789BB2-8F13-486B-BAE9-8E1992E88C6E}.Release|Any CPU.Build.0 = Release|Any CPU
		{B3A60008-9715-4979-B72E-75289EAD1975}.Debug|Any CPU.ActiveCfg = Debug|Any CPU
		{B3A60008-9715-4979-B72E-75289EAD1975}.Debug|Any CPU.Build.0 = Debug|Any CPU
		{B3A60008-9715-4979-B72E-75289EAD1975}.Release|Any CPU.ActiveCfg = Release|Any CPU
		{B3A60008-9715-4979-B72E-75289EAD1975}.Release|Any CPU.Build.0 = Release|Any CPU
	EndGlobalSection
	GlobalSection(SolutionProperties) = preSolution
		HideSolutionNode = FALSE
	EndGlobalSection
EndGlobal
